
Microsoft Visual Studio Solution File, Format Version 12.00
# Visual Studio Version 17
VisualStudioVersion = 17.5.002.0
MinimumVisualStudioVersion = 10.0.40219.1
Project("{9A19103F-16F7-4668-BE54-9A1E7A4F7556}") = "Play.Common", "Play.Common\Play.Common.csproj", "{ACAFD8D7-ECC0-426A-97CB-CC49DC85EEE2}"
EndProject
Project("{2150E333-8FDC-42A3-9474-1A3956D46DE8}") = "Play.Catalog", "Play.Catalog", "{7CD26C7C-3999-431E-86DF-FA657DF98F56}"
EndProject
Project("{9A19103F-16F7-4668-BE54-9A1E7A4F7556}") = "Play.Catalog.Service", "Play.Catalog\Play.Catalog.Service\Play.Catalog.Service.csproj", "{9FD17EB9-4AFE-4D23-A86D-32CBD06167AD}"
EndProject
Global
	GlobalSection(SolutionConfigurationPlatforms) = preSolution
		Debug|Any CPU = Debug|Any CPU
		Release|Any CPU = Release|Any CPU
	EndGlobalSection
	GlobalSection(ProjectConfigurationPlatforms) = postSolution
		{ACAFD8D7-ECC0-426A-97CB-CC49DC85EEE2}.Debug|Any CPU.ActiveCfg = Debug|Any CPU
		{ACAFD8D7-ECC0-426A-97CB-CC49DC85EEE2}.Debug|Any CPU.Build.0 = Debug|Any CPU
		{ACAFD8D7-ECC0-426A-97CB-CC49DC85EEE2}.Release|Any CPU.ActiveCfg = Release|Any CPU
		{ACAFD8D7-ECC0-426A-97CB-CC49DC85EEE2}.Release|Any CPU.Build.0 = Release|Any CPU
		{9FD17EB9-4AFE-4D23-A86D-32CBD06167AD}.Debug|Any CPU.ActiveCfg = Debug|Any CPU
		{9FD17EB9-4AFE-4D23-A86D-32CBD06167AD}.Debug|Any CPU.Build.0 = Debug|Any CPU
		{9FD17EB9-4AFE-4D23-A86D-32CBD06167AD}.Release|Any CPU.ActiveCfg = Release|Any CPU
		{9FD17EB9-4AFE-4D23-A86D-32CBD06167AD}.Release|Any CPU.Build.0 = Release|Any CPU
	EndGlobalSection
	GlobalSection(SolutionProperties) = preSolution
		HideSolutionNode = FALSE
	EndGlobalSection
	GlobalSection(NestedProjects) = preSolution
		{9FD17EB9-4AFE-4D23-A86D-32CBD06167AD} = {7CD26C7C-3999-431E-86DF-FA657DF98F56}
	EndGlobalSection
	GlobalSection(ExtensibilityGlobals) = postSolution
		SolutionGuid = {5E0EEFC5-4D2B-41A2-9522-D58DDDFC7D70}
	EndGlobalSection
EndGlobal
